
Microsoft Visual Studio Solution File, Format Version 12.00
# Visual Studio 15
VisualStudioVersion = 15.0.28307.329
MinimumVisualStudioVersion = 10.0.40219.1
Project("{FAE04EC0-301F-11D3-BF4B-00C04F79EFBC}") = "InheritanceAndPolymorphism", "InheritanceAndPolymorphism\InheritanceAndPolymorphism.csproj", "{D9B8742A-2019-4388-9647-5E90F154629F}"
EndProject
Project("{FAE04EC0-301F-11D3-BF4B-00C04F79EFBC}") = "Inheritance_02", "Inheritance_02\Inheritance_02.csproj", "{4CCF8F40-EAF0-4F8D-A96D-3C64548BF1E8}"
EndProject
Project("{FAE04EC0-301F-11D3-BF4B-00C04F79EFBC}") = "Constructors_03", "Inheritance_03\Constructors_03.csproj", "{1DF0F2AB-2024-43A7-995F-8954D09D1864}"
EndProject
Project("{FAE04EC0-301F-11D3-BF4B-00C04F79EFBC}") = "Constructors_04", "Constructors_04\Constructors_04.csproj", "{52B2A734-C5FE-4ECF-BFEF-F2794579D7F2}"
EndProject
Global
	GlobalSection(SolutionConfigurationPlatforms) = preSolution
		Debug|Any CPU = Debug|Any CPU
		Release|Any CPU = Release|Any CPU
	EndGlobalSection
	GlobalSection(ProjectConfigurationPlatforms) = postSolution
		{D9B8742A-2019-4388-9647-5E90F154629F}.Debug|Any CPU.ActiveCfg = Debug|Any CPU
		{D9B8742A-2019-4388-9647-5E90F154629F}.Debug|Any CPU.Build.0 = Debug|Any CPU
		{D9B8742A-2019-4388-9647-5E90F154629F}.Release|Any CPU.ActiveCfg = Release|Any CPU
		{D9B8742A-2019-4388-9647-5E90F154629F}.Release|Any CPU.Build.0 = Release|Any CPU
		{4CCF8F40-EAF0-4F8D-A96D-3C64548BF1E8}.Debug|Any CPU.ActiveCfg = Debug|Any CPU
		{4CCF8F40-EAF0-4F8D-A96D-3C64548BF1E8}.Debug|Any CPU.Build.0 = Debug|Any CPU
		{4CCF8F40-EAF0-4F8D-A96D-3C64548BF1E8}.Release|Any CPU.ActiveCfg = Release|Any CPU
		{4CCF8F40-EAF0-4F8D-A96D-3C64548BF1E8}.Release|Any CPU.Build.0 = Release|Any CPU
		{1DF0F2AB-2024-43A7-995F-8954D09D1864}.Debug|Any CPU.ActiveCfg = Debug|Any CPU
		{1DF0F2AB-2024-43A7-995F-8954D09D1864}.Debug|Any CPU.Build.0 = Debug|Any CPU
		{1DF0F2AB-2024-43A7-995F-8954D09D1864}.Release|Any CPU.ActiveCfg = Release|Any CPU
		{1DF0F2AB-2024-43A7-995F-8954D09D1864}.Release|Any CPU.Build.0 = Release|Any CPU
		{52B2A734-C5FE-4ECF-BFEF-F2794579D7F2}.Debug|Any CPU.ActiveCfg = Debug|Any CPU
		{52B2A734-C5FE-4ECF-BFEF-F2794579D7F2}.Debug|Any CPU.Build.0 = Debug|Any CPU
		{52B2A734-C5FE-4ECF-BFEF-F2794579D7F2}.Release|Any CPU.ActiveCfg = Release|Any CPU
		{52B2A734-C5FE-4ECF-BFEF-F2794579D7F2}.Release|Any CPU.Build.0 = Release|Any CPU
	EndGlobalSection
	GlobalSection(SolutionProperties) = preSolution
		HideSolutionNode = FALSE
	EndGlobalSection
	GlobalSection(ExtensibilityGlobals) = postSolution
		SolutionGuid = {2417A387-C11C-45CD-8C53-D1073D66CD87}
	EndGlobalSection
EndGlobal
