
Microsoft Visual Studio Solution File, Format Version 12.00
# Visual Studio 15
VisualStudioVersion = 15.0.28307.329
MinimumVisualStudioVersion = 10.0.40219.1
Project("{FAE04EC0-301F-11D3-BF4B-00C04F79EFBC}") = "InheritanceAndPolymorphism", "InheritanceAndPolymorphism\InheritanceAndPolymorphism.csproj", "{D9B8742A-2019-4388-9647-5E90F154629F}"
EndProject
Project("{FAE04EC0-301F-11D3-BF4B-00C04F79EFBC}") = "Inheritance_02", "Inheritance_02\Inheritance_02.csproj", "{4CCF8F40-EAF0-4F8D-A96D-3C64548BF1E8}"
EndProject
Project("{FAE04EC0-301F-11D3-BF4B-00C04F79EFBC}") = "Constructors_03", "Inheritance_03\Constructors_03.csproj", "{1DF0F2AB-2024-43A7-995F-8954D09D1864}"
EndProject
Project("{FAE04EC0-301F-11D3-BF4B-00C04F79EFBC}") = "Constructors_04", "Constructors_04\Constructors_04.csproj", "{52B2A734-C5FE-4ECF-BFEF-F2794579D7F2}"
EndProject
Project("{FAE04EC0-301F-11D3-BF4B-00C04F79EFBC}") = "Inheritance_05", "Inheritance_05\Inheritance_05.csproj", "{C18A9F80-8AC0-42C8-ADE9-870D8F820DB6}"
EndProject
Project("{FAE04EC0-301F-11D3-BF4B-00C04F79EFBC}") = "Inheritance_06", "Inheritance_06\Inheritance_06.csproj", "{B6CB41F9-24AC-4B8D-9A30-281BCE1A6D6E}"
EndProject
Project("{FAE04EC0-301F-11D3-BF4B-00C04F79EFBC}") = "Virtual_07", "Virtual_07\Virtual_07.csproj", "{5148DA05-30AB-4367-84FC-150678C50CC6}"
EndProject
Project("{FAE04EC0-301F-11D3-BF4B-00C04F79EFBC}") = "base.Method_08", "base.Method_08\base.Method_08.csproj", "{43CA36B6-07BC-44AC-ACF5-15245C1048E3}"
EndProject
Project("{FAE04EC0-301F-11D3-BF4B-00C04F79EFBC}") = "IsAS_09", "IsAS_09\IsAS_09.csproj", "{DE4D95BB-8ABD-4E6C-A013-BC2BE85FD894}"
EndProject
Project("{FAE04EC0-301F-11D3-BF4B-00C04F79EFBC}") = "AS_10", "AS_10\AS_10.csproj", "{CB931C84-3DCF-45D8-B6E7-3A2ABCCC3896}"
EndProject
Project("{FAE04EC0-301F-11D3-BF4B-00C04F79EFBC}") = "Sealed_11", "Sealed_11\Sealed_11.csproj", "{8D802A8F-254F-4895-B367-B254B2D8F69E}"
EndProject
Project("{FAE04EC0-301F-11D3-BF4B-00C04F79EFBC}") = "Sealed_Method_12", "Sealed_Method_12\Sealed_Method_12.csproj", "{B5AAED30-36A9-4C6D-938D-CDF9E32DF676}"
EndProject
Global
	GlobalSection(SolutionConfigurationPlatforms) = preSolution
		Debug|Any CPU = Debug|Any CPU
		Release|Any CPU = Release|Any CPU
	EndGlobalSection
	GlobalSection(ProjectConfigurationPlatforms) = postSolution
		{D9B8742A-2019-4388-9647-5E90F154629F}.Debug|Any CPU.ActiveCfg = Debug|Any CPU
		{D9B8742A-2019-4388-9647-5E90F154629F}.Debug|Any CPU.Build.0 = Debug|Any CPU
		{D9B8742A-2019-4388-9647-5E90F154629F}.Release|Any CPU.ActiveCfg = Release|Any CPU
		{D9B8742A-2019-4388-9647-5E90F154629F}.Release|Any CPU.Build.0 = Release|Any CPU
		{4CCF8F40-EAF0-4F8D-A96D-3C64548BF1E8}.Debug|Any CPU.ActiveCfg = Debug|Any CPU
		{4CCF8F40-EAF0-4F8D-A96D-3C64548BF1E8}.Debug|Any CPU.Build.0 = Debug|Any CPU
		{4CCF8F40-EAF0-4F8D-A96D-3C64548BF1E8}.Release|Any CPU.ActiveCfg = Release|Any CPU
		{4CCF8F40-EAF0-4F8D-A96D-3C64548BF1E8}.Release|Any CPU.Build.0 = Release|Any CPU
		{1DF0F2AB-2024-43A7-995F-8954D09D1864}.Debug|Any CPU.ActiveCfg = Debug|Any CPU
		{1DF0F2AB-2024-43A7-995F-8954D09D1864}.Debug|Any CPU.Build.0 = Debug|Any CPU
		{1DF0F2AB-2024-43A7-995F-8954D09D1864}.Release|Any CPU.ActiveCfg = Release|Any CPU
		{1DF0F2AB-2024-43A7-995F-8954D09D1864}.Release|Any CPU.Build.0 = Release|Any CPU
		{52B2A734-C5FE-4ECF-BFEF-F2794579D7F2}.Debug|Any CPU.ActiveCfg = Debug|Any CPU
		{52B2A734-C5FE-4ECF-BFEF-F2794579D7F2}.Debug|Any CPU.Build.0 = Debug|Any CPU
		{52B2A734-C5FE-4ECF-BFEF-F2794579D7F2}.Release|Any CPU.ActiveCfg = Release|Any CPU
		{52B2A734-C5FE-4ECF-BFEF-F2794579D7F2}.Release|Any CPU.Build.0 = Release|Any CPU
		{C18A9F80-8AC0-42C8-ADE9-870D8F820DB6}.Debug|Any CPU.ActiveCfg = Debug|Any CPU
		{C18A9F80-8AC0-42C8-ADE9-870D8F820DB6}.Debug|Any CPU.Build.0 = Debug|Any CPU
		{C18A9F80-8AC0-42C8-ADE9-870D8F820DB6}.Release|Any CPU.ActiveCfg = Release|Any CPU
		{C18A9F80-8AC0-42C8-ADE9-870D8F820DB6}.Release|Any CPU.Build.0 = Release|Any CPU
		{B6CB41F9-24AC-4B8D-9A30-281BCE1A6D6E}.Debug|Any CPU.ActiveCfg = Debug|Any CPU
		{B6CB41F9-24AC-4B8D-9A30-281BCE1A6D6E}.Debug|Any CPU.Build.0 = Debug|Any CPU
		{B6CB41F9-24AC-4B8D-9A30-281BCE1A6D6E}.Release|Any CPU.ActiveCfg = Release|Any CPU
		{B6CB41F9-24AC-4B8D-9A30-281BCE1A6D6E}.Release|Any CPU.Build.0 = Release|Any CPU
		{5148DA05-30AB-4367-84FC-150678C50CC6}.Debug|Any CPU.ActiveCfg = Debug|Any CPU
		{5148DA05-30AB-4367-84FC-150678C50CC6}.Debug|Any CPU.Build.0 = Debug|Any CPU
		{5148DA05-30AB-4367-84FC-150678C50CC6}.Release|Any CPU.ActiveCfg = Release|Any CPU
		{5148DA05-30AB-4367-84FC-150678C50CC6}.Release|Any CPU.Build.0 = Release|Any CPU
		{43CA36B6-07BC-44AC-ACF5-15245C1048E3}.Debug|Any CPU.ActiveCfg = Debug|Any CPU
		{43CA36B6-07BC-44AC-ACF5-15245C1048E3}.Debug|Any CPU.Build.0 = Debug|Any CPU
		{43CA36B6-07BC-44AC-ACF5-15245C1048E3}.Release|Any CPU.ActiveCfg = Release|Any CPU
		{43CA36B6-07BC-44AC-ACF5-15245C1048E3}.Release|Any CPU.Build.0 = Release|Any CPU
		{DE4D95BB-8ABD-4E6C-A013-BC2BE85FD894}.Debug|Any CPU.ActiveCfg = Debug|Any CPU
		{DE4D95BB-8ABD-4E6C-A013-BC2BE85FD894}.Debug|Any CPU.Build.0 = Debug|Any CPU
		{DE4D95BB-8ABD-4E6C-A013-BC2BE85FD894}.Release|Any CPU.ActiveCfg = Release|Any CPU
		{DE4D95BB-8ABD-4E6C-A013-BC2BE85FD894}.Release|Any CPU.Build.0 = Release|Any CPU
		{CB931C84-3DCF-45D8-B6E7-3A2ABCCC3896}.Debug|Any CPU.ActiveCfg = Debug|Any CPU
		{CB931C84-3DCF-45D8-B6E7-3A2ABCCC3896}.Debug|Any CPU.Build.0 = Debug|Any CPU
		{CB931C84-3DCF-45D8-B6E7-3A2ABCCC3896}.Release|Any CPU.ActiveCfg = Release|Any CPU
		{CB931C84-3DCF-45D8-B6E7-3A2ABCCC3896}.Release|Any CPU.Build.0 = Release|Any CPU
		{8D802A8F-254F-4895-B367-B254B2D8F69E}.Debug|Any CPU.ActiveCfg = Debug|Any CPU
		{8D802A8F-254F-4895-B367-B254B2D8F69E}.Debug|Any CPU.Build.0 = Debug|Any CPU
		{8D802A8F-254F-4895-B367-B254B2D8F69E}.Release|Any CPU.ActiveCfg = Release|Any CPU
		{8D802A8F-254F-4895-B367-B254B2D8F69E}.Release|Any CPU.Build.0 = Release|Any CPU
		{B5AAED30-36A9-4C6D-938D-CDF9E32DF676}.Debug|Any CPU.ActiveCfg = Debug|Any CPU
		{B5AAED30-36A9-4C6D-938D-CDF9E32DF676}.Debug|Any CPU.Build.0 = Debug|Any CPU
		{B5AAED30-36A9-4C6D-938D-CDF9E32DF676}.Release|Any CPU.ActiveCfg = Release|Any CPU
		{B5AAED30-36A9-4C6D-938D-CDF9E32DF676}.Release|Any CPU.Build.0 = Release|Any CPU
	EndGlobalSection
	GlobalSection(SolutionProperties) = preSolution
		HideSolutionNode = FALSE
	EndGlobalSection
	GlobalSection(ExtensibilityGlobals) = postSolution
		SolutionGuid = {2417A387-C11C-45CD-8C53-D1073D66CD87}
	EndGlobalSection
EndGlobal
